// !$*UTF8*$!
{
	archiveVersion = 1;
	classes = {
	};
	objectVersion = 46;
	objects = {

/* Begin PBXBuildFile section */
		3B1C2EEC17C8D22D00B8BE77 /* AppDelegate.m in Sources */ = {isa = PBXBuildFile; fileRef = 3B1C2EDF17C8D22D00B8BE77 /* AppDelegate.m */; };
		3B1C2EED17C8D22D00B8BE77 /* AssociatedObjects-Info.plist in Resources */ = {isa = PBXBuildFile; fileRef = 3B1C2EE017C8D22D00B8BE77 /* AssociatedObjects-Info.plist */; };
		3B1C2EEE17C8D22D00B8BE77 /* Default-568h@2x.png in Resources */ = {isa = PBXBuildFile; fileRef = 3B1C2EE217C8D22D00B8BE77 /* Default-568h@2x.png */; };
		3B1C2EEF17C8D22D00B8BE77 /* Default.png in Resources */ = {isa = PBXBuildFile; fileRef = 3B1C2EE317C8D22D00B8BE77 /* Default.png */; };
		3B1C2EF017C8D22D00B8BE77 /* Default@2x.png in Resources */ = {isa = PBXBuildFile; fileRef = 3B1C2EE417C8D22D00B8BE77 /* Default@2x.png */; };
		3B1C2EF117C8D22D00B8BE77 /* InfoPlist.strings in Resources */ = {isa = PBXBuildFile; fileRef = 3B1C2EE517C8D22D00B8BE77 /* InfoPlist.strings */; };
		3B1C2EF217C8D22D00B8BE77 /* ViewController.xib in Resources */ = {isa = PBXBuildFile; fileRef = 3B1C2EE717C8D22D00B8BE77 /* ViewController.xib */; };
		3B1C2EF317C8D22D00B8BE77 /* main.m in Sources */ = {isa = PBXBuildFile; fileRef = 3B1C2EE917C8D22D00B8BE77 /* main.m */; };
		3B1C2EF417C8D22D00B8BE77 /* ViewController.m in Sources */ = {isa = PBXBuildFile; fileRef = 3B1C2EEB17C8D22D00B8BE77 /* ViewController.m */; };
		3B98B9F4179D100A00153B7A /* UIKit.framework in Frameworks */ = {isa = PBXBuildFile; fileRef = 3B98B9F3179D100A00153B7A /* UIKit.framework */; };
		3B98B9F6179D100A00153B7A /* Foundation.framework in Frameworks */ = {isa = PBXBuildFile; fileRef = 3B98B9F5179D100A00153B7A /* Foundation.framework */; };
		3B98B9F8179D100A00153B7A /* CoreGraphics.framework in Frameworks */ = {isa = PBXBuildFile; fileRef = 3B98B9F7179D100A00153B7A /* CoreGraphics.framework */; };
/* End PBXBuildFile section */

/* Begin PBXFileReference section */
		3B1C2EDE17C8D22D00B8BE77 /* AppDelegate.h */ = {isa = PBXFileReference; fileEncoding = 4; lastKnownFileType = sourcecode.c.h; path = AppDelegate.h; sourceTree = "<group>"; };
		3B1C2EDF17C8D22D00B8BE77 /* AppDelegate.m */ = {isa = PBXFileReference; fileEncoding = 4; lastKnownFileType = sourcecode.c.objc; path = AppDelegate.m; sourceTree = "<group>"; };
		3B1C2EE017C8D22D00B8BE77 /* AssociatedObjects-Info.plist */ = {isa = PBXFileReference; fileEncoding = 4; lastKnownFileType = text.plist.xml; path = "AssociatedObjects-Info.plist"; sourceTree = "<group>"; };
		3B1C2EE117C8D22D00B8BE77 /* AssociatedObjects-Prefix.pch */ = {isa = PBXFileReference; fileEncoding = 4; lastKnownFileType = sourcecode.c.h; path = "AssociatedObjects-Prefix.pch"; sourceTree = "<group>"; };
		3B1C2EE217C8D22D00B8BE77 /* Default-568h@2x.png */ = {isa = PBXFileReference; lastKnownFileType = image.png; path = "Default-568h@2x.png"; sourceTree = "<group>"; };
		3B1C2EE317C8D22D00B8BE77 /* Default.png */ = {isa = PBXFileReference; lastKnownFileType = image.png; path = Default.png; sourceTree = "<group>"; };
		3B1C2EE417C8D22D00B8BE77 /* Default@2x.png */ = {isa = PBXFileReference; lastKnownFileType = image.png; path = "Default@2x.png"; sourceTree = "<group>"; };
		3B1C2EE617C8D22D00B8BE77 /* en */ = {isa = PBXFileReference; lastKnownFileType = text.plist.strings; name = en; path = en.lproj/InfoPlist.strings; sourceTree = "<group>"; };
		3B1C2EE817C8D22D00B8BE77 /* en */ = {isa = PBXFileReference; lastKnownFileType = file.xib; name = en; path = en.lproj/ViewController.xib; sourceTree = "<group>"; };
		3B1C2EE917C8D22D00B8BE77 /* main.m */ = {isa = PBXFileReference; fileEncoding = 4; lastKnownFileType = sourcecode.c.objc; path = main.m; sourceTree = "<group>"; };
		3B1C2EEA17C8D22D00B8BE77 /* ViewController.h */ = {isa = PBXFileReference; fileEncoding = 4; lastKnownFileType = sourcecode.c.h; path = ViewController.h; sourceTree = "<group>"; };
		3B1C2EEB17C8D22D00B8BE77 /* ViewController.m */ = {isa = PBXFileReference; fileEncoding = 4; lastKnownFileType = sourcecode.c.objc; path = ViewController.m; sourceTree = "<group>"; };
		3B98B9F0179D100A00153B7A /* AssociatedObjects.app */ = {isa = PBXFileReference; explicitFileType = wrapper.application; includeInIndex = 0; path = AssociatedObjects.app; sourceTree = BUILT_PRODUCTS_DIR; };
		3B98B9F3179D100A00153B7A /* UIKit.framework */ = {isa = PBXFileReference; lastKnownFileType = wrapper.framework; name = UIKit.framework; path = System/Library/Frameworks/UIKit.framework; sourceTree = SDKROOT; };
		3B98B9F5179D100A00153B7A /* Foundation.framework */ = {isa = PBXFileReference; lastKnownFileType = wrapper.framework; name = Foundation.framework; path = System/Library/Frameworks/Foundation.framework; sourceTree = SDKROOT; };
		3B98B9F7179D100A00153B7A /* CoreGraphics.framework */ = {isa = PBXFileReference; lastKnownFileType = wrapper.framework; name = CoreGraphics.framework; path = System/Library/Frameworks/CoreGraphics.framework; sourceTree = SDKROOT; };
/* End PBXFileReference section */

/* Begin PBXFrameworksBuildPhase section */
		3B98B9ED179D100A00153B7A /* Frameworks */ = {
			isa = PBXFrameworksBuildPhase;
			buildActionMask = 2147483647;
			files = (
				3B98B9F4179D100A00153B7A /* UIKit.framework in Frameworks */,
				3B98B9F6179D100A00153B7A /* Foundation.framework in Frameworks */,
				3B98B9F8179D100A00153B7A /* CoreGraphics.framework in Frameworks */,
			);
			runOnlyForDeploymentPostprocessing = 0;
		};
/* End PBXFrameworksBuildPhase section */

/* Begin PBXGroup section */
		3B1C2EDD17C8D22D00B8BE77 /* AssociatedObjects */ = {
			isa = PBXGroup;
			children = (
				3B1C2EDE17C8D22D00B8BE77 /* AppDelegate.h */,
				3B1C2EDF17C8D22D00B8BE77 /* AppDelegate.m */,
				3B1C2EE017C8D22D00B8BE77 /* AssociatedObjects-Info.plist */,
				3B1C2EE117C8D22D00B8BE77 /* AssociatedObjects-Prefix.pch */,
				3B1C2EE217C8D22D00B8BE77 /* Default-568h@2x.png */,
				3B1C2EE317C8D22D00B8BE77 /* Default.png */,
				3B1C2EE417C8D22D00B8BE77 /* Default@2x.png */,
				3B1C2EE517C8D22D00B8BE77 /* InfoPlist.strings */,
				3B1C2EE717C8D22D00B8BE77 /* ViewController.xib */,
				3B1C2EE917C8D22D00B8BE77 /* main.m */,
				3B1C2EEA17C8D22D00B8BE77 /* ViewController.h */,
				3B1C2EEB17C8D22D00B8BE77 /* ViewController.m */,
			);
			path = AssociatedObjects;
			sourceTree = "<group>";
		};
		3B98B9E7179D100A00153B7A = {
			isa = PBXGroup;
			children = (
				3B1C2EDD17C8D22D00B8BE77 /* AssociatedObjects */,
				3B98B9F2179D100A00153B7A /* Frameworks */,
				3B98B9F1179D100A00153B7A /* Products */,
			);
			sourceTree = "<group>";
		};
		3B98B9F1179D100A00153B7A /* Products */ = {
			isa = PBXGroup;
			children = (
				3B98B9F0179D100A00153B7A /* AssociatedObjects.app */,
			);
			name = Products;
			sourceTree = "<group>";
		};
		3B98B9F2179D100A00153B7A /* Frameworks */ = {
			isa = PBXGroup;
			children = (
				3B98B9F3179D100A00153B7A /* UIKit.framework */,
				3B98B9F5179D100A00153B7A /* Foundation.framework */,
				3B98B9F7179D100A00153B7A /* CoreGraphics.framework */,
			);
			name = Frameworks;
			sourceTree = "<group>";
		};
/* End PBXGroup section */

/* Begin PBXNativeTarget section */
		3B98B9EF179D100A00153B7A /* AssociatedObjects */ = {
			isa = PBXNativeTarget;
			buildConfigurationList = 3B98BA13179D100A00153B7A /* Build configuration list for PBXNativeTarget "AssociatedObjects" */;
			buildPhases = (
				3B98B9EC179D100A00153B7A /* Sources */,
				3B98B9ED179D100A00153B7A /* Frameworks */,
				3B98B9EE179D100A00153B7A /* Resources */,
			);
			buildRules = (
			);
			dependencies = (
			);
			name = AssociatedObjects;
			productName = AssociatedObjects;
			productReference = 3B98B9F0179D100A00153B7A /* AssociatedObjects.app */;
			productType = "com.apple.product-type.application";
		};
/* End PBXNativeTarget section */

/* Begin PBXProject section */
		3B98B9E8179D100A00153B7A /* Project object */ = {
			isa = PBXProject;
			attributes = {
				LastUpgradeCheck = 0460;
				ORGANIZATIONNAME = "Prem kumar";
			};
			buildConfigurationList = 3B98B9EB179D100A00153B7A /* Build configuration list for PBXProject "AssociatedObjects" */;
			compatibilityVersion = "Xcode 3.2";
			developmentRegion = English;
			hasScannedForEncodings = 0;
			knownRegions = (
				en,
			);
			mainGroup = 3B98B9E7179D100A00153B7A;
			productRefGroup = 3B98B9F1179D100A00153B7A /* Products */;
			projectDirPath = "";
			projectRoot = "";
			targets = (
				3B98B9EF179D100A00153B7A /* AssociatedObjects */,
			);
		};
/* End PBXProject section */

/* Begin PBXResourcesBuildPhase section */
		3B98B9EE179D100A00153B7A /* Resources */ = {
			isa = PBXResourcesBuildPhase;
			buildActionMask = 2147483647;
			files = (
				3B1C2EED17C8D22D00B8BE77 /* AssociatedObjects-Info.plist in Resources */,
				3B1C2EEE17C8D22D00B8BE77 /* Default-568h@2x.png in Resources */,
				3B1C2EEF17C8D22D00B8BE77 /* Default.png in Resources */,
				3B1C2EF017C8D22D00B8BE77 /* Default@2x.png in Resources */,
				3B1C2EF117C8D22D00B8BE77 /* InfoPlist.strings in Resources */,
				3B1C2EF217C8D22D00B8BE77 /* ViewController.xib in Resources */,
			);
			runOnlyForDeploymentPostprocessing = 0;
		};
/* End PBXResourcesBuildPhase section */

/* Begin PBXSourcesBuildPhase section */
		3B98B9EC179D100A00153B7A /* Sources */ = {
			isa = PBXSourcesBuildPhase;
			buildActionMask = 2147483647;
			files = (
				3B1C2EEC17C8D22D00B8BE77 /* AppDelegate.m in Sources */,
				3B1C2EF317C8D22D00B8BE77 /* main.m in Sources */,
				3B1C2EF417C8D22D00B8BE77 /* ViewController.m in Sources */,
			);
			runOnlyForDeploymentPostprocessing = 0;
		};
/* End PBXSourcesBuildPhase section */

/* Begin PBXVariantGroup section */
		3B1C2EE517C8D22D00B8BE77 /* InfoPlist.strings */ = {
			isa = PBXVariantGroup;
			children = (
				3B1C2EE617C8D22D00B8BE77 /* en */,
			);
			name = InfoPlist.strings;
			sourceTree = "<group>";
		};
		3B1C2EE717C8D22D00B8BE77 /* ViewController.xib */ = {
			isa = PBXVariantGroup;
			children = (
				3B1C2EE817C8D22D00B8BE77 /* en */,
			);
			name = ViewController.xib;
			sourceTree = "<group>";
		};
/* End PBXVariantGroup section */

/* Begin XCBuildConfiguration section */
		3B98BA11179D100A00153B7A /* Debug */ = {
			isa = XCBuildConfiguration;
			buildSettings = {
				ALWAYS_SEARCH_USER_PATHS = NO;
				CLANG_CXX_LANGUAGE_STANDARD = "gnu++0x";
				CLANG_CXX_LIBRARY = "libc++";
				CLANG_ENABLE_OBJC_ARC = YES;
				CLANG_WARN_CONSTANT_CONVERSION = YES;
				CLANG_WARN_EMPTY_BODY = YES;
				CLANG_WARN_ENUM_CONVERSION = YES;
				CLANG_WARN_INT_CONVERSION = YES;
				CLANG_WARN__DUPLICATE_METHOD_MATCH = YES;
				"CODE_SIGN_IDENTITY[sdk=iphoneos*]" = "iPhone Developer";
				COPY_PHASE_STRIP = NO;
				GCC_C_LANGUAGE_STANDARD = gnu99;
				GCC_DYNAMIC_NO_PIC = NO;
				GCC_OPTIMIZATION_LEVEL = 0;
				GCC_PREPROCESSOR_DEFINITIONS = (
					"DEBUG=1",
					"$(inherited)",
				);
				GCC_SYMBOLS_PRIVATE_EXTERN = NO;
				GCC_WARN_ABOUT_RETURN_TYPE = YES;
				GCC_WARN_UNINITIALIZED_AUTOS = YES;
				GCC_WARN_UNUSED_VARIABLE = YES;
				IPHONEOS_DEPLOYMENT_TARGET = 6.1;
				ONLY_ACTIVE_ARCH = YES;
				SDKROOT = iphoneos;
			};
			name = Debug;
		};
		3B98BA12179D100A00153B7A /* Release */ = {
			isa = XCBuildConfiguration;
			buildSettings = {
				ALWAYS_SEARCH_USER_PATHS = NO;
				CLANG_CXX_LANGUAGE_STANDARD = "gnu++0x";
				CLANG_CXX_LIBRARY = "libc++";
				CLANG_ENABLE_OBJC_ARC = YES;
				CLANG_WARN_CONSTANT_CONVERSION = YES;
				CLANG_WARN_EMPTY_BODY = YES;
				CLANG_WARN_ENUM_CONVERSION = YES;
				CLANG_WARN_INT_CONVERSION = YES;
				CLANG_WARN__DUPLICATE_METHOD_MATCH = YES;
				"CODE_SIGN_IDENTITY[sdk=iphoneos*]" = "iPhone Developer";
				COPY_PHASE_STRIP = YES;
				GCC_C_LANGUAGE_STANDARD = gnu99;
				GCC_WARN_ABOUT_RETURN_TYPE = YES;
				GCC_WARN_UNINITIALIZED_AUTOS = YES;
				GCC_WARN_UNUSED_VARIABLE = YES;
				IPHONEOS_DEPLOYMENT_TARGET = 6.1;
				OTHER_CFLAGS = "-DNS_BLOCK_ASSERTIONS=1";
				SDKROOT = iphoneos;
				VALIDATE_PRODUCT = YES;
			};
			name = Release;
		};
		3B98BA14179D100A00153B7A /* Debug */ = {
			isa = XCBuildConfiguration;
			buildSettings = {
				GCC_PRECOMPILE_PREFIX_HEADER = YES;
				GCC_PREFIX_HEADER = "AssociatedObjects/AssociatedObjects-Prefix.pch";
				INFOPLIST_FILE = "AssociatedObjects/AssociatedObjects-Info.plist";
				PRODUCT_NAME = "$(TARGET_NAME)";
				WRAPPER_EXTENSION = app;
			};
			name = Debug;
		};
		3B98BA15179D100A00153B7A /* Release */ = {
			isa = XCBuildConfiguration;
			buildSettings = {
				GCC_PRECOMPILE_PREFIX_HEADER = YES;
				GCC_PREFIX_HEADER = "AssociatedObjects/AssociatedObjects-Prefix.pch";
				INFOPLIST_FILE = "AssociatedObjects/AssociatedObjects-Info.plist";
				PRODUCT_NAME = "$(TARGET_NAME)";
				WRAPPER_EXTENSION = app;
			};
			name = Release;
		};
/* End XCBuildConfiguration section */

/* Begin XCConfigurationList section */
		3B98B9EB179D100A00153B7A /* Build configuration list for PBXProject "AssociatedObjects" */ = {
			isa = XCConfigurationList;
			buildConfigurations = (
				3B98BA11179D100A00153B7A /* Debug */,
				3B98BA12179D100A00153B7A /* Release */,
			);
			defaultConfigurationIsVisible = 0;
			defaultConfigurationName = Release;
		};
		3B98BA13179D100A00153B7A /* Build configuration list for PBXNativeTarget "AssociatedObjects" */ = {
			isa = XCConfigurationList;
			buildConfigurations = (
				3B98BA14179D100A00153B7A /* Debug */,
				3B98BA15179D100A00153B7A /* Release */,
			);
			defaultConfigurationIsVisible = 0;
			defaultConfigurationName = Release;
		};
/* End XCConfigurationList section */
	};
	rootObject = 3B98B9E8179D100A00153B7A /* Project object */;
}
